
Microsoft Visual Studio Solution File, Format Version 12.00
# Visual Studio 2013
VisualStudioVersion = 12.0.31101.0
MinimumVisualStudioVersion = 10.0.40219.1
Project("{2150E333-8FDC-42A3-9474-1A3956D46DE8}") = "MVC-03-05", "MVC-03-05", "{D52FB88C-32F9-4A90-AABE-B1EF022E3D45}"
EndProject
Project("{2150E333-8FDC-42A3-9474-1A3956D46DE8}") = "MVC-06", "MVC-06", "{4FB24769-A6C5-496B-BA10-CD26D62FAFF5}"
EndProject
Project("{2150E333-8FDC-42A3-9474-1A3956D46DE8}") = "MVC-07", "MVC-07", "{D5756719-EC96-4D59-8D14-D0794962D6B6}"
EndProject
Project("{2150E333-8FDC-42A3-9474-1A3956D46DE8}") = "MVC-08", "MVC-08", "{47BC3868-C550-443D-8B3E-ADDC2725E2E7}"
EndProject
Project("{2150E333-8FDC-42A3-9474-1A3956D46DE8}") = "MVC-09", "MVC-09", "{B309784C-596A-4F4C-8D06-D7CE91C086C8}"
EndProject
Project("{2150E333-8FDC-42A3-9474-1A3956D46DE8}") = "MVC-10", "MVC-10", "{4D8B88AF-254A-40DB-B1EB-74FD99F8C291}"
EndProject
Project("{2150E333-8FDC-42A3-9474-1A3956D46DE8}") = "MVC-11", "MVC-11", "{946E624D-B040-4DB8-8924-1C665990B0AC}"
EndProject
Project("{2150E333-8FDC-42A3-9474-1A3956D46DE8}") = "MVC-12", "MVC-12", "{110862A0-F89D-41E4-AA05-DEDB298E5E24}"
EndProject
Project("{2150E333-8FDC-42A3-9474-1A3956D46DE8}") = "MVC-12-02", "MVC-12-02", "{4EEF3AA7-95DD-445C-80F3-1FE466C16036}"
EndProject
Project("{2150E333-8FDC-42A3-9474-1A3956D46DE8}") = "MVC-13", "MVC-13", "{18595B7E-8762-4B21-82EC-64EE1131C2A2}"
EndProject
Project("{2150E333-8FDC-42A3-9474-1A3956D46DE8}") = "MVC-14-01", "MVC-14-01", "{FBEF05E4-6FDE-4F55-AF24-9DA9F876E2DF}"
EndProject
Project("{2150E333-8FDC-42A3-9474-1A3956D46DE8}") = "MVC-14-02", "MVC-14-02", "{E0CB6CEE-F313-4B7E-A726-3BBF2AF5A417}"
EndProject
Project("{2150E333-8FDC-42A3-9474-1A3956D46DE8}") = "MVC-15", "MVC-15", "{47D28EC5-715A-4471-8665-7562ACC83DF0}"
EndProject
Project("{2150E333-8FDC-42A3-9474-1A3956D46DE8}") = "MVC-16", "MVC-16", "{BF5048DC-9E22-4FF1-9647-D7951145C11C}"
EndProject
Project("{2150E333-8FDC-42A3-9474-1A3956D46DE8}") = "MVC-17", "MVC-17", "{69B922A4-B735-40C4-B904-55EA8452CF94}"
EndProject
Project("{2150E333-8FDC-42A3-9474-1A3956D46DE8}") = "MVC-18", "MVC-18", "{A01D79EC-E131-4793-8417-42848A640894}"
EndProject
Project("{2150E333-8FDC-42A3-9474-1A3956D46DE8}") = "MVC-19", "MVC-19", "{1A2D4C5E-3510-491F-AE16-55011804C219}"
EndProject
Project("{2150E333-8FDC-42A3-9474-1A3956D46DE8}") = "MVC-20", "MVC-20", "{5F543189-9F8D-4575-8895-0A9A9BF36A7E}"
EndProject
Project("{2150E333-8FDC-42A3-9474-1A3956D46DE8}") = "MVC-21", "MVC-21", "{30B65484-9B6E-48C4-8D4A-FBDD68CA8604}"
EndProject
Project("{2150E333-8FDC-42A3-9474-1A3956D46DE8}") = "MVC-22-01", "MVC-22-01", "{46169EDB-ECC2-4A18-B984-2925AA800DAE}"
EndProject
Project("{2150E333-8FDC-42A3-9474-1A3956D46DE8}") = "MVC-22-02", "MVC-22-02", "{54C20FD0-C92E-4CDE-9007-5F7C52C67534}"
EndProject
Project("{FAE04EC0-301F-11D3-BF4B-00C04F79EFBC}") = "MvcApplication1", "MVC-03-05\MvcApplication1\MvcApplication1.csproj", "{6279B90E-4548-49DD-B878-CD867964634A}"
EndProject
Project("{FAE04EC0-301F-11D3-BF4B-00C04F79EFBC}") = "MvcApplication2", "MVC-06\MvcApplication2\MvcApplication2.csproj", "{304B6FD7-F0B6-4FF3-9DA6-945CD6BF926B}"
EndProject
Project("{FAE04EC0-301F-11D3-BF4B-00C04F79EFBC}") = "MvcApplication3", "MVC-07\MvcApplication3\MvcApplication3.csproj", "{0A371028-B12E-4EC1-8489-8A6BE4622858}"
EndProject
Project("{FAE04EC0-301F-11D3-BF4B-00C04F79EFBC}") = "MvcApplication4", "MVC-08\MvcApplication4\MvcApplication4.csproj", "{58E253E5-538D-48CF-8339-2F6F83241B77}"
EndProject
Project("{FAE04EC0-301F-11D3-BF4B-00C04F79EFBC}") = "MvcApplication5", "MVC-09\MvcApplication5\MvcApplication5.csproj", "{B804C9CF-6C26-4BF5-B9F4-CD20ADE3FFEB}"
EndProject
Project("{FAE04EC0-301F-11D3-BF4B-00C04F79EFBC}") = "MvcApplication6", "MVC-10\MvcApplication6\MvcApplication6.csproj", "{D0DB2B61-7F34-40C2-82A2-4DCF405AF8B3}"
EndProject
Project("{FAE04EC0-301F-11D3-BF4B-00C04F79EFBC}") = "MvcApplication7", "MVC-11\MvcApplication7\MvcApplication7.csproj", "{ABB69E88-1C70-4BB3-8A68-9D0CE2EDBA99}"
EndProject
Project("{FAE04EC0-301F-11D3-BF4B-00C04F79EFBC}") = "MvcApplication8", "MVC-12\MvcApplication8\MvcApplication8.csproj", "{95BAB898-ABCA-46D5-B773-A51F5C7A7F45}"
EndProject
Project("{FAE04EC0-301F-11D3-BF4B-00C04F79EFBC}") = "MvcApplication8", "MVC-12-02\MvcApplication8\MvcApplication8.csproj", "{09B3E80E-9C76-4A38-B2C6-78594F2AA1E3}"
EndProject
Project("{FAE04EC0-301F-11D3-BF4B-00C04F79EFBC}") = "MvcApplication8.Models", "MVC-12-02\MvcApplication8.Models\MvcApplication8.Models.csproj", "{861DA01E-DDF8-4AD8-9663-D4A2E210F6BA}"
EndProject
Project("{FAE04EC0-301F-11D3-BF4B-00C04F79EFBC}") = "MvcApplication9", "MVC-13\MvcApplication9\MvcApplication9.csproj", "{01C825DA-E237-4474-8E25-8503D8356F12}"
EndProject
Project("{FAE04EC0-301F-11D3-BF4B-00C04F79EFBC}") = "MvcApplication10", "MVC-14-01\MvcApplication10\MvcApplication10.csproj", "{673AB58F-531B-4E84-A9A5-C700925DBCA4}"
EndProject
Project("{FAE04EC0-301F-11D3-BF4B-00C04F79EFBC}") = "MvcApplication11", "MVC-14-02\MvcApplication11\MvcApplication11.csproj", "{19EA6CCB-8770-4D84-B0CA-3054301647FB}"
EndProject
Project("{FAE04EC0-301F-11D3-BF4B-00C04F79EFBC}") = "MvcApplication12", "MVC-15\MvcApplication12\MvcApplication12.csproj", "{271E4075-220B-4B0E-AEA7-D30D82B2E201}"
EndProject
Project("{FAE04EC0-301F-11D3-BF4B-00C04F79EFBC}") = "MvcApplication13", "MVC-16\MvcApplication13\MvcApplication13.csproj", "{CAF77065-31CA-4A69-9477-A1A538972386}"
EndProject
Project("{FAE04EC0-301F-11D3-BF4B-00C04F79EFBC}") = "MvcApplication14", "MVC-17\MvcApplication14\MvcApplication14.csproj", "{F07D0426-CADD-4BB2-854D-20766671693C}"
EndProject
Project("{FAE04EC0-301F-11D3-BF4B-00C04F79EFBC}") = "MvcApplication15", "MVC-18\MvcApplication15\MvcApplication15.csproj", "{B59B0C33-E191-4D43-9379-C9312E9273DF}"
EndProject
Project("{FAE04EC0-301F-11D3-BF4B-00C04F79EFBC}") = "MvcApplication16", "MVC-19\MvcApplication16\MvcApplication16.csproj", "{5A9786C5-CB68-4AEE-8DA0-77B4E21907EB}"
EndProject
Project("{FAE04EC0-301F-11D3-BF4B-00C04F79EFBC}") = "MvcApplication17", "MVC-20\MvcApplication17\MvcApplication17.csproj", "{23AD6E8F-50DD-4253-823D-85CEB6ADA696}"
EndProject
Project("{FAE04EC0-301F-11D3-BF4B-00C04F79EFBC}") = "MvcApplication18", "MVC-21\MvcApplication18\MvcApplication18.csproj", "{0B89779E-C392-40C8-830F-E55B0BFD5804}"
EndProject
Project("{FAE04EC0-301F-11D3-BF4B-00C04F79EFBC}") = "MvcApplication19", "MVC-22-01\MvcApplication19\MvcApplication19.csproj", "{46820F9B-C160-432C-AE4F-1CFA117FABB3}"
EndProject
Project("{FAE04EC0-301F-11D3-BF4B-00C04F79EFBC}") = "MvcApplication20", "MVC-22-02\MvcApplication20\MvcApplication20.csproj", "{7FDC6917-F280-401F-9F42-547450A3D804}"
EndProject
Project("{FAE04EC0-301F-11D3-BF4B-00C04F79EFBC}") = "MvcApplication20.Models", "MVC-22-02\MvcApplication20.Models\MvcApplication20.Models.csproj", "{470EBBC7-266C-4E79-824B-B63870AE1678}"
EndProject
Project("{FAE04EC0-301F-11D3-BF4B-00C04F79EFBC}") = "MvcApplication20.Resources", "MVC-22-02\MvcApplication20.Resources\MvcApplication20.Resources.csproj", "{36199A11-48D2-4D32-A4F8-073435BAF036}"
EndProject
Project("{2150E333-8FDC-42A3-9474-1A3956D46DE8}") = ".nuget", ".nuget", "{14F7ECCD-913E-41F6-BD7B-AB5209624026}"
	ProjectSection(SolutionItems) = preProject
		.nuget\NuGet.Config = .nuget\NuGet.Config
		.nuget\NuGet.exe = .nuget\NuGet.exe
		.nuget\NuGet.targets = .nuget\NuGet.targets
	EndProjectSection
EndProject
Project("{2150E333-8FDC-42A3-9474-1A3956D46DE8}") = "Solution Items", "Solution Items", "{B417078A-CB5F-4907-9916-5022347976FC}"
	ProjectSection(SolutionItems) = preProject
		LICENSE.md = LICENSE.md
		README.md = README.md
	EndProjectSection
EndProject
Global
	GlobalSection(SolutionConfigurationPlatforms) = preSolution
		Debug|Any CPU = Debug|Any CPU
		Release|Any CPU = Release|Any CPU
	EndGlobalSection
	GlobalSection(ProjectConfigurationPlatforms) = postSolution
		{6279B90E-4548-49DD-B878-CD867964634A}.Debug|Any CPU.ActiveCfg = Debug|Any CPU
		{6279B90E-4548-49DD-B878-CD867964634A}.Debug|Any CPU.Build.0 = Debug|Any CPU
		{6279B90E-4548-49DD-B878-CD867964634A}.Release|Any CPU.ActiveCfg = Release|Any CPU
		{6279B90E-4548-49DD-B878-CD867964634A}.Release|Any CPU.Build.0 = Release|Any CPU
		{304B6FD7-F0B6-4FF3-9DA6-945CD6BF926B}.Debug|Any CPU.ActiveCfg = Debug|Any CPU
		{304B6FD7-F0B6-4FF3-9DA6-945CD6BF926B}.Debug|Any CPU.Build.0 = Debug|Any CPU
		{304B6FD7-F0B6-4FF3-9DA6-945CD6BF926B}.Release|Any CPU.ActiveCfg = Release|Any CPU
		{304B6FD7-F0B6-4FF3-9DA6-945CD6BF926B}.Release|Any CPU.Build.0 = Release|Any CPU
		{0A371028-B12E-4EC1-8489-8A6BE4622858}.Debug|Any CPU.ActiveCfg = Debug|Any CPU
		{0A371028-B12E-4EC1-8489-8A6BE4622858}.Debug|Any CPU.Build.0 = Debug|Any CPU
		{0A371028-B12E-4EC1-8489-8A6BE4622858}.Release|Any CPU.ActiveCfg = Release|Any CPU
		{0A371028-B12E-4EC1-8489-8A6BE4622858}.Release|Any CPU.Build.0 = Release|Any CPU
		{58E253E5-538D-48CF-8339-2F6F83241B77}.Debug|Any CPU.ActiveCfg = Debug|Any CPU
		{58E253E5-538D-48CF-8339-2F6F83241B77}.Debug|Any CPU.Build.0 = Debug|Any CPU
		{58E253E5-538D-48CF-8339-2F6F83241B77}.Release|Any CPU.ActiveCfg = Release|Any CPU
		{58E253E5-538D-48CF-8339-2F6F83241B77}.Release|Any CPU.Build.0 = Release|Any CPU
		{B804C9CF-6C26-4BF5-B9F4-CD20ADE3FFEB}.Debug|Any CPU.ActiveCfg = Debug|Any CPU
		{B804C9CF-6C26-4BF5-B9F4-CD20ADE3FFEB}.Debug|Any CPU.Build.0 = Debug|Any CPU
		{B804C9CF-6C26-4BF5-B9F4-CD20ADE3FFEB}.Release|Any CPU.ActiveCfg = Release|Any CPU
		{B804C9CF-6C26-4BF5-B9F4-CD20ADE3FFEB}.Release|Any CPU.Build.0 = Release|Any CPU
		{D0DB2B61-7F34-40C2-82A2-4DCF405AF8B3}.Debug|Any CPU.ActiveCfg = Debug|Any CPU
		{D0DB2B61-7F34-40C2-82A2-4DCF405AF8B3}.Debug|Any CPU.Build.0 = Debug|Any CPU
		{D0DB2B61-7F34-40C2-82A2-4DCF405AF8B3}.Release|Any CPU.ActiveCfg = Release|Any CPU
		{D0DB2B61-7F34-40C2-82A2-4DCF405AF8B3}.Release|Any CPU.Build.0 = Release|Any CPU
		{ABB69E88-1C70-4BB3-8A68-9D0CE2EDBA99}.Debug|Any CPU.ActiveCfg = Debug|Any CPU
		{ABB69E88-1C70-4BB3-8A68-9D0CE2EDBA99}.Debug|Any CPU.Build.0 = Debug|Any CPU
		{ABB69E88-1C70-4BB3-8A68-9D0CE2EDBA99}.Release|Any CPU.ActiveCfg = Release|Any CPU
		{ABB69E88-1C70-4BB3-8A68-9D0CE2EDBA99}.Release|Any CPU.Build.0 = Release|Any CPU
		{95BAB898-ABCA-46D5-B773-A51F5C7A7F45}.Debug|Any CPU.ActiveCfg = Debug|Any CPU
		{95BAB898-ABCA-46D5-B773-A51F5C7A7F45}.Debug|Any CPU.Build.0 = Debug|Any CPU
		{95BAB898-ABCA-46D5-B773-A51F5C7A7F45}.Release|Any CPU.ActiveCfg = Release|Any CPU
		{95BAB898-ABCA-46D5-B773-A51F5C7A7F45}.Release|Any CPU.Build.0 = Release|Any CPU
		{09B3E80E-9C76-4A38-B2C6-78594F2AA1E3}.Debug|Any CPU.ActiveCfg = Debug|Any CPU
		{09B3E80E-9C76-4A38-B2C6-78594F2AA1E3}.Debug|Any CPU.Build.0 = Debug|Any CPU
		{09B3E80E-9C76-4A38-B2C6-78594F2AA1E3}.Release|Any CPU.ActiveCfg = Release|Any CPU
		{09B3E80E-9C76-4A38-B2C6-78594F2AA1E3}.Release|Any CPU.Build.0 = Release|Any CPU
		{861DA01E-DDF8-4AD8-9663-D4A2E210F6BA}.Debug|Any CPU.ActiveCfg = Debug|Any CPU
		{861DA01E-DDF8-4AD8-9663-D4A2E210F6BA}.Debug|Any CPU.Build.0 = Debug|Any CPU
		{861DA01E-DDF8-4AD8-9663-D4A2E210F6BA}.Release|Any CPU.ActiveCfg = Release|Any CPU
		{861DA01E-DDF8-4AD8-9663-D4A2E210F6BA}.Release|Any CPU.Build.0 = Release|Any CPU
		{01C825DA-E237-4474-8E25-8503D8356F12}.Debug|Any CPU.ActiveCfg = Debug|Any CPU
		{01C825DA-E237-4474-8E25-8503D8356F12}.Debug|Any CPU.Build.0 = Debug|Any CPU
		{01C825DA-E237-4474-8E25-8503D8356F12}.Release|Any CPU.ActiveCfg = Release|Any CPU
		{01C825DA-E237-4474-8E25-8503D8356F12}.Release|Any CPU.Build.0 = Release|Any CPU
		{673AB58F-531B-4E84-A9A5-C700925DBCA4}.Debug|Any CPU.ActiveCfg = Debug|Any CPU
		{673AB58F-531B-4E84-A9A5-C700925DBCA4}.Debug|Any CPU.Build.0 = Debug|Any CPU
		{673AB58F-531B-4E84-A9A5-C700925DBCA4}.Release|Any CPU.ActiveCfg = Release|Any CPU
		{673AB58F-531B-4E84-A9A5-C700925DBCA4}.Release|Any CPU.Build.0 = Release|Any CPU
		{19EA6CCB-8770-4D84-B0CA-3054301647FB}.Debug|Any CPU.ActiveCfg = Debug|Any CPU
		{19EA6CCB-8770-4D84-B0CA-3054301647FB}.Debug|Any CPU.Build.0 = Debug|Any CPU
		{19EA6CCB-8770-4D84-B0CA-3054301647FB}.Release|Any CPU.ActiveCfg = Release|Any CPU
		{19EA6CCB-8770-4D84-B0CA-3054301647FB}.Release|Any CPU.Build.0 = Release|Any CPU
		{271E4075-220B-4B0E-AEA7-D30D82B2E201}.Debug|Any CPU.ActiveCfg = Debug|Any CPU
		{271E4075-220B-4B0E-AEA7-D30D82B2E201}.Debug|Any CPU.Build.0 = Debug|Any CPU
		{271E4075-220B-4B0E-AEA7-D30D82B2E201}.Release|Any CPU.ActiveCfg = Release|Any CPU
		{271E4075-220B-4B0E-AEA7-D30D82B2E201}.Release|Any CPU.Build.0 = Release|Any CPU
		{CAF77065-31CA-4A69-9477-A1A538972386}.Debug|Any CPU.ActiveCfg = Debug|Any CPU
		{CAF77065-31CA-4A69-9477-A1A538972386}.Debug|Any CPU.Build.0 = Debug|Any CPU
		{CAF77065-31CA-4A69-9477-A1A538972386}.Release|Any CPU.ActiveCfg = Release|Any CPU
		{CAF77065-31CA-4A69-9477-A1A538972386}.Release|Any CPU.Build.0 = Release|Any CPU
		{F07D0426-CADD-4BB2-854D-20766671693C}.Debug|Any CPU.ActiveCfg = Debug|Any CPU
		{F07D0426-CADD-4BB2-854D-20766671693C}.Debug|Any CPU.Build.0 = Debug|Any CPU
		{F07D0426-CADD-4BB2-854D-20766671693C}.Release|Any CPU.ActiveCfg = Release|Any CPU
		{F07D0426-CADD-4BB2-854D-20766671693C}.Release|Any CPU.Build.0 = Release|Any CPU
		{B59B0C33-E191-4D43-9379-C9312E9273DF}.Debug|Any CPU.ActiveCfg = Debug|Any CPU
		{B59B0C33-E191-4D43-9379-C9312E9273DF}.Debug|Any CPU.Build.0 = Debug|Any CPU
		{B59B0C33-E191-4D43-9379-C9312E9273DF}.Release|Any CPU.ActiveCfg = Release|Any CPU
		{B59B0C33-E191-4D43-9379-C9312E9273DF}.Release|Any CPU.Build.0 = Release|Any CPU
		{5A9786C5-CB68-4AEE-8DA0-77B4E21907EB}.Debug|Any CPU.ActiveCfg = Debug|Any CPU
		{5A9786C5-CB68-4AEE-8DA0-77B4E21907EB}.Debug|Any CPU.Build.0 = Debug|Any CPU
		{5A9786C5-CB68-4AEE-8DA0-77B4E21907EB}.Release|Any CPU.ActiveCfg = Release|Any CPU
		{5A9786C5-CB68-4AEE-8DA0-77B4E21907EB}.Release|Any CPU.Build.0 = Release|Any CPU
		{23AD6E8F-50DD-4253-823D-85CEB6ADA696}.Debug|Any CPU.ActiveCfg = Debug|Any CPU
		{23AD6E8F-50DD-4253-823D-85CEB6ADA696}.Debug|Any CPU.Build.0 = Debug|Any CPU
		{23AD6E8F-50DD-4253-823D-85CEB6ADA696}.Release|Any CPU.ActiveCfg = Release|Any CPU
		{23AD6E8F-50DD-4253-823D-85CEB6ADA696}.Release|Any CPU.Build.0 = Release|Any CPU
		{0B89779E-C392-40C8-830F-E55B0BFD5804}.Debug|Any CPU.ActiveCfg = Debug|Any CPU
		{0B89779E-C392-40C8-830F-E55B0BFD5804}.Debug|Any CPU.Build.0 = Debug|Any CPU
		{0B89779E-C392-40C8-830F-E55B0BFD5804}.Release|Any CPU.ActiveCfg = Release|Any CPU
		{0B89779E-C392-40C8-830F-E55B0BFD5804}.Release|Any CPU.Build.0 = Release|Any CPU
		{46820F9B-C160-432C-AE4F-1CFA117FABB3}.Debug|Any CPU.ActiveCfg = Debug|Any CPU
		{46820F9B-C160-432C-AE4F-1CFA117FABB3}.Debug|Any CPU.Build.0 = Debug|Any CPU
		{46820F9B-C160-432C-AE4F-1CFA117FABB3}.Release|Any CPU.ActiveCfg = Release|Any CPU
		{46820F9B-C160-432C-AE4F-1CFA117FABB3}.Release|Any CPU.Build.0 = Release|Any CPU
		{7FDC6917-F280-401F-9F42-547450A3D804}.Debug|Any CPU.ActiveCfg = Debug|Any CPU
		{7FDC6917-F280-401F-9F42-547450A3D804}.Debug|Any CPU.Build.0 = Debug|Any CPU
		{7FDC6917-F280-401F-9F42-547450A3D804}.Release|Any CPU.ActiveCfg = Release|Any CPU
		{7FDC6917-F280-401F-9F42-547450A3D804}.Release|Any CPU.Build.0 = Release|Any CPU
		{470EBBC7-266C-4E79-824B-B63870AE1678}.Debug|Any CPU.ActiveCfg = Debug|Any CPU
		{470EBBC7-266C-4E79-824B-B63870AE1678}.Debug|Any CPU.Build.0 = Debug|Any CPU
		{470EBBC7-266C-4E79-824B-B63870AE1678}.Release|Any CPU.ActiveCfg = Release|Any CPU
		{470EBBC7-266C-4E79-824B-B63870AE1678}.Release|Any CPU.Build.0 = Release|Any CPU
		{36199A11-48D2-4D32-A4F8-073435BAF036}.Debug|Any CPU.ActiveCfg = Debug|Any CPU
		{36199A11-48D2-4D32-A4F8-073435BAF036}.Debug|Any CPU.Build.0 = Debug|Any CPU
		{36199A11-48D2-4D32-A4F8-073435BAF036}.Release|Any CPU.ActiveCfg = Release|Any CPU
		{36199A11-48D2-4D32-A4F8-073435BAF036}.Release|Any CPU.Build.0 = Release|Any CPU
	EndGlobalSection
	GlobalSection(SolutionProperties) = preSolution
		HideSolutionNode = FALSE
	EndGlobalSection
	GlobalSection(NestedProjects) = preSolution
		{6279B90E-4548-49DD-B878-CD867964634A} = {D52FB88C-32F9-4A90-AABE-B1EF022E3D45}
		{304B6FD7-F0B6-4FF3-9DA6-945CD6BF926B} = {4FB24769-A6C5-496B-BA10-CD26D62FAFF5}
		{0A371028-B12E-4EC1-8489-8A6BE4622858} = {D5756719-EC96-4D59-8D14-D0794962D6B6}
		{58E253E5-538D-48CF-8339-2F6F83241B77} = {47BC3868-C550-443D-8B3E-ADDC2725E2E7}
		{B804C9CF-6C26-4BF5-B9F4-CD20ADE3FFEB} = {B309784C-596A-4F4C-8D06-D7CE91C086C8}
		{D0DB2B61-7F34-40C2-82A2-4DCF405AF8B3} = {4D8B88AF-254A-40DB-B1EB-74FD99F8C291}
		{ABB69E88-1C70-4BB3-8A68-9D0CE2EDBA99} = {946E624D-B040-4DB8-8924-1C665990B0AC}
		{95BAB898-ABCA-46D5-B773-A51F5C7A7F45} = {110862A0-F89D-41E4-AA05-DEDB298E5E24}
		{09B3E80E-9C76-4A38-B2C6-78594F2AA1E3} = {4EEF3AA7-95DD-445C-80F3-1FE466C16036}
		{861DA01E-DDF8-4AD8-9663-D4A2E210F6BA} = {4EEF3AA7-95DD-445C-80F3-1FE466C16036}
		{01C825DA-E237-4474-8E25-8503D8356F12} = {18595B7E-8762-4B21-82EC-64EE1131C2A2}
		{673AB58F-531B-4E84-A9A5-C700925DBCA4} = {FBEF05E4-6FDE-4F55-AF24-9DA9F876E2DF}
		{19EA6CCB-8770-4D84-B0CA-3054301647FB} = {E0CB6CEE-F313-4B7E-A726-3BBF2AF5A417}
		{271E4075-220B-4B0E-AEA7-D30D82B2E201} = {47D28EC5-715A-4471-8665-7562ACC83DF0}
		{CAF77065-31CA-4A69-9477-A1A538972386} = {BF5048DC-9E22-4FF1-9647-D7951145C11C}
		{F07D0426-CADD-4BB2-854D-20766671693C} = {69B922A4-B735-40C4-B904-55EA8452CF94}
		{B59B0C33-E191-4D43-9379-C9312E9273DF} = {A01D79EC-E131-4793-8417-42848A640894}
		{5A9786C5-CB68-4AEE-8DA0-77B4E21907EB} = {1A2D4C5E-3510-491F-AE16-55011804C219}
		{23AD6E8F-50DD-4253-823D-85CEB6ADA696} = {5F543189-9F8D-4575-8895-0A9A9BF36A7E}
		{0B89779E-C392-40C8-830F-E55B0BFD5804} = {30B65484-9B6E-48C4-8D4A-FBDD68CA8604}
		{46820F9B-C160-432C-AE4F-1CFA117FABB3} = {46169EDB-ECC2-4A18-B984-2925AA800DAE}
		{7FDC6917-F280-401F-9F42-547450A3D804} = {54C20FD0-C92E-4CDE-9007-5F7C52C67534}
		{470EBBC7-266C-4E79-824B-B63870AE1678} = {54C20FD0-C92E-4CDE-9007-5F7C52C67534}
		{36199A11-48D2-4D32-A4F8-073435BAF036} = {54C20FD0-C92E-4CDE-9007-5F7C52C67534}
	EndGlobalSection
EndGlobal
